PODS:
  - DDKit (0.0.1)
  - Masonry (1.0.1)

DEPENDENCIES:
  - DDKit (from `..`)
  - Masonry

EXTERNAL SOURCES:
  DDKit:
    :path: ".."

SPEC CHECKSUMS:
  DDKit: 3bc1988fccacc242ec8c9579b6ca8a7945540b13
  Masonry: a1a931a0d08870ed8ae415a2ea5ea68ebcac77df

PODFILE CHECKSUM: 4fb4997cf616bcf84cbc7df9c777761a3e745fcb

COCOAPODS: 1.0.1
