PODS:
  - DDUIKit (0.1)
  - Masonry (1.0.1)

DEPENDENCIES:
  - DDUIKit (from `..`)
  - Masonry

EXTERNAL SOURCES:
  DDUIKit:
    :path: ".."

SPEC CHECKSUMS:
  DDUIKit: 6f156284baeab9fd14d5f2b7513b3d94f85584ed
  Masonry: a1a931a0d08870ed8ae415a2ea5ea68ebcac77df

PODFILE CHECKSUM: da534c0e4b209a05eee84b183016f7a0267bf9b3

COCOAPODS: 1.0.1
